
Microsoft Visual Studio Solution File, Format Version 12.00
# Visual Studio Version 16
VisualStudioVersion = 16.0.28721.148
MinimumVisualStudioVersion = 10.0.40219.1
Project("{9A19103F-16F7-4668-BE54-9A1E7A4F7556}") = "CardboardCastle.Web", "CardboardCastle.Web\CardboardCastle.Web.csproj", "{D6B666D4-3164-44FC-AEC6-FD8543D8C21E}"
EndProject
Project("{9A19103F-16F7-4668-BE54-9A1E7A4F7556}") = "CardboardCastle.Ng", "CardboardCastle.Ng\CardboardCastle.Ng.csproj", "{5A97B0A9-A238-4E96-BD71-16AF45C169B7}"
EndProject
Project("{9A19103F-16F7-4668-BE54-9A1E7A4F7556}") = "CardboardCastle.Models", "CardboardCastle.Models\CardboardCastle.Models.csproj", "{8E6CFD79-22C7-457E-9FF8-A5F6C6DC3837}"
EndProject
Project("{9A19103F-16F7-4668-BE54-9A1E7A4F7556}") = "CardboardCastle.SqlServer", "CardboardCastle.SqlServer\CardboardCastle.SqlServer.csproj", "{D3FD46D6-1E97-4659-BDEF-AE0A0833C42F}"
EndProject
Project("{9A19103F-16F7-4668-BE54-9A1E7A4F7556}") = "CardboardCastle.SqlServer.Setup", "CardboardCastle.SqlServer.Setup\CardboardCastle.SqlServer.Setup.csproj", "{90F563E6-74A5-459F-A60F-E30870E1EC6A}"
EndProject
Project("{2150E333-8FDC-42A3-9474-1A3956D46DE8}") = "Utilities", "Utilities", "{CD6FE99F-4D22-429E-ADCD-BD1E2AE8E65E}"
EndProject
Project("{9A19103F-16F7-4668-BE54-9A1E7A4F7556}") = "CardboardCastle.Core", "CardboardCastle.Core\CardboardCastle.Core.csproj", "{1637A491-1404-4E79-94A9-EC77E622F0FD}"
EndProject
Global
	GlobalSection(SolutionConfigurationPlatforms) = preSolution
		Debug|Any CPU = Debug|Any CPU
		Release|Any CPU = Release|Any CPU
	EndGlobalSection
	GlobalSection(ProjectConfigurationPlatforms) = postSolution
		{D6B666D4-3164-44FC-AEC6-FD8543D8C21E}.Debug|Any CPU.ActiveCfg = Debug|Any CPU
		{D6B666D4-3164-44FC-AEC6-FD8543D8C21E}.Debug|Any CPU.Build.0 = Debug|Any CPU
		{D6B666D4-3164-44FC-AEC6-FD8543D8C21E}.Release|Any CPU.ActiveCfg = Release|Any CPU
		{D6B666D4-3164-44FC-AEC6-FD8543D8C21E}.Release|Any CPU.Build.0 = Release|Any CPU
		{5A97B0A9-A238-4E96-BD71-16AF45C169B7}.Debug|Any CPU.ActiveCfg = Debug|Any CPU
		{5A97B0A9-A238-4E96-BD71-16AF45C169B7}.Debug|Any CPU.Build.0 = Debug|Any CPU
		{5A97B0A9-A238-4E96-BD71-16AF45C169B7}.Release|Any CPU.ActiveCfg = Release|Any CPU
		{5A97B0A9-A238-4E96-BD71-16AF45C169B7}.Release|Any CPU.Build.0 = Release|Any CPU
		{8E6CFD79-22C7-457E-9FF8-A5F6C6DC3837}.Debug|Any CPU.ActiveCfg = Debug|Any CPU
		{8E6CFD79-22C7-457E-9FF8-A5F6C6DC3837}.Debug|Any CPU.Build.0 = Debug|Any CPU
		{8E6CFD79-22C7-457E-9FF8-A5F6C6DC3837}.Release|Any CPU.ActiveCfg = Release|Any CPU
		{8E6CFD79-22C7-457E-9FF8-A5F6C6DC3837}.Release|Any CPU.Build.0 = Release|Any CPU
		{D3FD46D6-1E97-4659-BDEF-AE0A0833C42F}.Debug|Any CPU.ActiveCfg = Debug|Any CPU
		{D3FD46D6-1E97-4659-BDEF-AE0A0833C42F}.Debug|Any CPU.Build.0 = Debug|Any CPU
		{D3FD46D6-1E97-4659-BDEF-AE0A0833C42F}.Release|Any CPU.ActiveCfg = Release|Any CPU
		{D3FD46D6-1E97-4659-BDEF-AE0A0833C42F}.Release|Any CPU.Build.0 = Release|Any CPU
		{90F563E6-74A5-459F-A60F-E30870E1EC6A}.Debug|Any CPU.ActiveCfg = Debug|Any CPU
		{90F563E6-74A5-459F-A60F-E30870E1EC6A}.Debug|Any CPU.Build.0 = Debug|Any CPU
		{90F563E6-74A5-459F-A60F-E30870E1EC6A}.Release|Any CPU.ActiveCfg = Release|Any CPU
		{90F563E6-74A5-459F-A60F-E30870E1EC6A}.Release|Any CPU.Build.0 = Release|Any CPU
		{1637A491-1404-4E79-94A9-EC77E622F0FD}.Debug|Any CPU.ActiveCfg = Debug|Any CPU
		{1637A491-1404-4E79-94A9-EC77E622F0FD}.Debug|Any CPU.Build.0 = Debug|Any CPU
		{1637A491-1404-4E79-94A9-EC77E622F0FD}.Release|Any CPU.ActiveCfg = Release|Any CPU
		{1637A491-1404-4E79-94A9-EC77E622F0FD}.Release|Any CPU.Build.0 = Release|Any CPU
	EndGlobalSection
	GlobalSection(SolutionProperties) = preSolution
		HideSolutionNode = FALSE
	EndGlobalSection
	GlobalSection(NestedProjects) = preSolution
		{90F563E6-74A5-459F-A60F-E30870E1EC6A} = {CD6FE99F-4D22-429E-ADCD-BD1E2AE8E65E}
	EndGlobalSection
	GlobalSection(ExtensibilityGlobals) = postSolution
		SolutionGuid = {34C95135-6B12-418A-9BF1-803398703191}
	EndGlobalSection
EndGlobal
